// !$*UTF8*$!
{
	archiveVersion = 1;
	classes = {
	};
	objectVersion = 50;
	objects = {

/* Begin PBXBuildFile section */
		C9FF63E3283E52F000C47197 /* AppDelegate.swift in Sources */ = {isa = PBXBuildFile; fileRef = C9FF63E2283E52F000C47197 /* AppDelegate.swift */; };
		C9FF63E5283E52F000C47197 /* SceneDelegate.swift in Sources */ = {isa = PBXBuildFile; fileRef = C9FF63E4283E52F000C47197 /* SceneDelegate.swift */; };
		C9FF63E7283E52F000C47197 /* ViewController.swift in Sources */ = {isa = PBXBuildFile; fileRef = C9FF63E6283E52F000C47197 /* ViewController.swift */; };
		C9FF63EA283E52F000C47197 /* Main.storyboard in Resources */ = {isa = PBXBuildFile; fileRef = C9FF63E8283E52F000C47197 /* Main.storyboard */; };
		C9FF63EC283E52F000C47197 /* Assets.xcassets in Resources */ = {isa = PBXBuildFile; fileRef = C9FF63EB283E52F000C47197 /* Assets.xcassets */; };
		C9FF63EF283E52F000C47197 /* LaunchScreen.storyboard in Resources */ = {isa = PBXBuildFile; fileRef = C9FF63ED283E52F000C47197 /* LaunchScreen.storyboard */; };
		C9FF63FA283E52F100C47197 /* ChatAppTests.swift in Sources */ = {isa = PBXBuildFile; fileRef = C9FF63F9283E52F100C47197 /* ChatAppTests.swift */; };
		C9FF6405283E52F100C47197 /* ChatAppUITests.swift in Sources */ = {isa = PBXBuildFile; fileRef = C9FF6404283E52F100C47197 /* ChatAppUITests.swift */; };
/* End PBXBuildFile section */

/* Begin PBXContainerItemProxy section */
		C9FF63F6283E52F100C47197 /* PBXContainerItemProxy */ = {
			isa = PBXContainerItemProxy;
			containerPortal = C9FF63D7283E52F000C47197 /* Project object */;
			proxyType = 1;
			remoteGlobalIDString = C9FF63DE283E52F000C47197;
			remoteInfo = ChatApp;
		};
		C9FF6401283E52F100C47197 /* PBXContainerItemProxy */ = {
			isa = PBXContainerItemProxy;
			containerPortal = C9FF63D7283E52F000C47197 /* Project object */;
			proxyType = 1;
			remoteGlobalIDString = C9FF63DE283E52F000C47197;
			remoteInfo = ChatApp;
		};
/* End PBXContainerItemProxy section */

/* Begin PBXFileReference section */
		C9FF63DF283E52F000C47197 /* ChatApp.app */ = {isa = PBXFileReference; explicitFileType = wrapper.application; includeInIndex = 0; path = ChatApp.app; sourceTree = BUILT_PRODUCTS_DIR; };
		C9FF63E2283E52F000C47197 /* AppDelegate.swift */ = {isa = PBXFileReference; lastKnownFileType = sourcecode.swift; path = AppDelegate.swift; sourceTree = "<group>"; };
		C9FF63E4283E52F000C47197 /* SceneDelegate.swift */ = {isa = PBXFileReference; lastKnownFileType = sourcecode.swift; path = SceneDelegate.swift; sourceTree = "<group>"; };
		C9FF63E6283E52F000C47197 /* ViewController.swift */ = {isa = PBXFileReference; lastKnownFileType = sourcecode.swift; path = ViewController.swift; sourceTree = "<group>"; };
		C9FF63E9283E52F000C47197 /* Base */ = {isa = PBXFileReference; lastKnownFileType = file.storyboard; name = Base; path = Base.lproj/Main.storyboard; sourceTree = "<group>"; };
		C9FF63EB283E52F000C47197 /* Assets.xcassets */ = {isa = PBXFileReference; lastKnownFileType = folder.assetcatalog; path = Assets.xcassets; sourceTree = "<group>"; };
		C9FF63EE283E52F000C47197 /* Base */ = {isa = PBXFileReference; lastKnownFileType = file.storyboard; name = Base; path = Base.lproj/LaunchScreen.storyboard; sourceTree = "<group>"; };
		C9FF63F0283E52F000C47197 /* Info.plist */ = {isa = PBXFileReference; lastKnownFileType = text.plist.xml; path = Info.plist; sourceTree = "<group>"; };
		C9FF63F5283E52F100C47197 /* ChatAppTests.xctest */ = {isa = PBXFileReference; explicitFileType = wrapper.cfbundle; includeInIndex = 0; path = ChatAppTests.xctest; sourceTree = BUILT_PRODUCTS_DIR; };
		C9FF63F9283E52F100C47197 /* ChatAppTests.swift */ = {isa = PBXFileReference; lastKnownFileType = sourcecode.swift; path = ChatAppTests.swift; sourceTree = "<group>"; };
		C9FF63FB283E52F100C47197 /* Info.plist */ = {isa = PBXFileReference; lastKnownFileType = text.plist.xml; path = Info.plist; sourceTree = "<group>"; };
		C9FF6400283E52F100C47197 /* ChatAppUITests.xctest */ = {isa = PBXFileReference; explicitFileType = wrapper.cfbundle; includeInIndex = 0; path = ChatAppUITests.xctest; sourceTree = BUILT_PRODUCTS_DIR; };
		C9FF6404283E52F100C47197 /* ChatAppUITests.swift */ = {isa = PBXFileReference; lastKnownFileType = sourcecode.swift; path = ChatAppUITests.swift; sourceTree = "<group>"; };
		C9FF6406283E52F100C47197 /* Info.plist */ = {isa = PBXFileReference; lastKnownFileType = text.plist.xml; path = Info.plist; sourceTree = "<group>"; };
/* End PBXFileReference section */

/* Begin PBXFrameworksBuildPhase section */
		C9FF63DC283E52F000C47197 /* Frameworks */ = {
			isa = PBXFrameworksBuildPhase;
			buildActionMask = 2147483647;
			files = (
			);
			runOnlyForDeploymentPostprocessing = 0;
		};
		C9FF63F2283E52F100C47197 /* Frameworks */ = {
			isa = PBXFrameworksBuildPhase;
			buildActionMask = 2147483647;
			files = (
			);
			runOnlyForDeploymentPostprocessing = 0;
		};
		C9FF63FD283E52F100C47197 /* Frameworks */ = {
			isa = PBXFrameworksBuildPhase;
			buildActionMask = 2147483647;
			files = (
			);
			runOnlyForDeploymentPostprocessing = 0;
		};
/* End PBXFrameworksBuildPhase section */

/* Begin PBXGroup section */
		C9FF63D6283E52F000C47197 = {
			isa = PBXGroup;
			children = (
				C9FF63E1283E52F000C47197 /* ChatApp */,
				C9FF63F8283E52F100C47197 /* ChatAppTests */,
				C9FF6403283E52F100C47197 /* ChatAppUITests */,
				C9FF63E0283E52F000C47197 /* Products */,
			);
			sourceTree = "<group>";
		};
		C9FF63E0283E52F000C47197 /* Products */ = {
			isa = PBXGroup;
			children = (
				C9FF63DF283E52F000C47197 /* ChatApp.app */,
				C9FF63F5283E52F100C47197 /* ChatAppTests.xctest */,
				C9FF6400283E52F100C47197 /* ChatAppUITests.xctest */,
			);
			name = Products;
			sourceTree = "<group>";
		};
		C9FF63E1283E52F000C47197 /* ChatApp */ = {
			isa = PBXGroup;
			children = (
				C9FF63E2283E52F000C47197 /* AppDelegate.swift */,
				C9FF63E4283E52F000C47197 /* SceneDelegate.swift */,
				C9FF63E6283E52F000C47197 /* ViewController.swift */,
				C9FF63E8283E52F000C47197 /* Main.storyboard */,
				C9FF63EB283E52F000C47197 /* Assets.xcassets */,
				C9FF63ED283E52F000C47197 /* LaunchScreen.storyboard */,
				C9FF63F0283E52F000C47197 /* Info.plist */,
			);
			path = ChatApp;
			sourceTree = "<group>";
		};
		C9FF63F8283E52F100C47197 /* ChatAppTests */ = {
			isa = PBXGroup;
			children = (
				C9FF63F9283E52F100C47197 /* ChatAppTests.swift */,
				C9FF63FB283E52F100C47197 /* Info.plist */,
			);
			path = ChatAppTests;
			sourceTree = "<group>";
		};
		C9FF6403283E52F100C47197 /* ChatAppUITests */ = {
			isa = PBXGroup;
			children = (
				C9FF6404283E52F100C47197 /* ChatAppUITests.swift */,
				C9FF6406283E52F100C47197 /* Info.plist */,
			);
			path = ChatAppUITests;
			sourceTree = "<group>";
		};
/* End PBXGroup section */

/* Begin PBXNativeTarget section */
		C9FF63DE283E52F000C47197 /* ChatApp */ = {
			isa = PBXNativeTarget;
			buildConfigurationList = C9FF6409283E52F100C47197 /* Build configuration list for PBXNativeTarget "ChatApp" */;
			buildPhases = (
				C9FF63DB283E52F000C47197 /* Sources */,
				C9FF63DC283E52F000C47197 /* Frameworks */,
				C9FF63DD283E52F000C47197 /* Resources */,
			);
			buildRules = (
			);
			dependencies = (
			);
			name = ChatApp;
			productName = ChatApp;
			productReference = C9FF63DF283E52F000C47197 /* ChatApp.app */;
			productType = "com.apple.product-type.application";
		};
		C9FF63F4283E52F100C47197 /* ChatAppTests */ = {
			isa = PBXNativeTarget;
			buildConfigurationList = C9FF640C283E52F100C47197 /* Build configuration list for PBXNativeTarget "ChatAppTests" */;
			buildPhases = (
				C9FF63F1283E52F100C47197 /* Sources */,
				C9FF63F2283E52F100C47197 /* Frameworks */,
				C9FF63F3283E52F100C47197 /* Resources */,
			);
			buildRules = (
			);
			dependencies = (
				C9FF63F7283E52F100C47197 /* PBXTargetDependency */,
			);
			name = ChatAppTests;
			productName = ChatAppTests;
			productReference = C9FF63F5283E52F100C47197 /* ChatAppTests.xctest */;
			productType = "com.apple.product-type.bundle.unit-test";
		};
		C9FF63FF283E52F100C47197 /* ChatAppUITests */ = {
			isa = PBXNativeTarget;
			buildConfigurationList = C9FF640F283E52F100C47197 /* Build configuration list for PBXNativeTarget "ChatAppUITests" */;
			buildPhases = (
				C9FF63FC283E52F100C47197 /* Sources */,
				C9FF63FD283E52F100C47197 /* Frameworks */,
				C9FF63FE283E52F100C47197 /* Resources */,
			);
			buildRules = (
			);
			dependencies = (
				C9FF6402283E52F100C47197 /* PBXTargetDependency */,
			);
			name = ChatAppUITests;
			productName = ChatAppUITests;
			productReference = C9FF6400283E52F100C47197 /* ChatAppUITests.xctest */;
			productType = "com.apple.product-type.bundle.ui-testing";
		};
/* End PBXNativeTarget section */

/* Begin PBXProject section */
		C9FF63D7283E52F000C47197 /* Project object */ = {
			isa = PBXProject;
			attributes = {
				LastSwiftUpdateCheck = 1240;
				LastUpgradeCheck = 1240;
				TargetAttributes = {
					C9FF63DE283E52F000C47197 = {
						CreatedOnToolsVersion = 12.4;
					};
					C9FF63F4283E52F100C47197 = {
						CreatedOnToolsVersion = 12.4;
						TestTargetID = C9FF63DE283E52F000C47197;
					};
					C9FF63FF283E52F100C47197 = {
						CreatedOnToolsVersion = 12.4;
						TestTargetID = C9FF63DE283E52F000C47197;
					};
				};
			};
			buildConfigurationList = C9FF63DA283E52F000C47197 /* Build configuration list for PBXProject "ChatApp" */;
			compatibilityVersion = "Xcode 9.3";
			developmentRegion = en;
			hasScannedForEncodings = 0;
			knownRegions = (
				en,
				Base,
			);
			mainGroup = C9FF63D6283E52F000C47197;
			productRefGroup = C9FF63E0283E52F000C47197 /* Products */;
			projectDirPath = "";
			projectRoot = "";
			targets = (
				C9FF63DE283E52F000C47197 /* ChatApp */,
				C9FF63F4283E52F100C47197 /* ChatAppTests */,
				C9FF63FF283E52F100C47197 /* ChatAppUITests */,
			);
		};
/* End PBXProject section */

/* Begin PBXResourcesBuildPhase section */
		C9FF63DD283E52F000C47197 /* Resources */ = {
			isa = PBXResourcesBuildPhase;
			buildActionMask = 2147483647;
			files = (
				C9FF63EF283E52F000C47197 /* LaunchScreen.storyboard in Resources */,
				C9FF63EC283E52F000C47197 /* Assets.xcassets in Resources */,
				C9FF63EA283E52F000C47197 /* Main.storyboard in Resources */,
			);
			runOnlyForDeploymentPostprocessing = 0;
		};
		C9FF63F3283E52F100C47197 /* Resources */ = {
			isa = PBXResourcesBuildPhase;
			buildActionMask = 2147483647;
			files = (
			);
			runOnlyForDeploymentPostprocessing = 0;
		};
		C9FF63FE283E52F100C47197 /* Resources */ = {
			isa = PBXResourcesBuildPhase;
			buildActionMask = 2147483647;
			files = (
			);
			runOnlyForDeploymentPostprocessing = 0;
		};
/* End PBXResourcesBuildPhase section */

/* Begin PBXSourcesBuildPhase section */
		C9FF63DB283E52F000C47197 /* Sources */ = {
			isa = PBXSourcesBuildPhase;
			buildActionMask = 2147483647;
			files = (
				C9FF63E7283E52F000C47197 /* ViewController.swift in Sources */,
				C9FF63E3283E52F000C47197 /* AppDelegate.swift in Sources */,
				C9FF63E5283E52F000C47197 /* SceneDelegate.swift in Sources */,
			);
			runOnlyForDeploymentPostprocessing = 0;
		};
		C9FF63F1283E52F100C47197 /* Sources */ = {
			isa = PBXSourcesBuildPhase;
			buildActionMask = 2147483647;
			files = (
				C9FF63FA283E52F100C47197 /* ChatAppTests.swift in Sources */,
			);
			runOnlyForDeploymentPostprocessing = 0;
		};
		C9FF63FC283E52F100C47197 /* Sources */ = {
			isa = PBXSourcesBuildPhase;
			buildActionMask = 2147483647;
			files = (
				C9FF6405283E52F100C47197 /* ChatAppUITests.swift in Sources */,
			);
			runOnlyForDeploymentPostprocessing = 0;
		};
/* End PBXSourcesBuildPhase section */

/* Begin PBXTargetDependency section */
		C9FF63F7283E52F100C47197 /* PBXTargetDependency */ = {
			isa = PBXTargetDependency;
			target = C9FF63DE283E52F000C47197 /* ChatApp */;
			targetProxy = C9FF63F6283E52F100C47197 /* PBXContainerItemProxy */;
		};
		C9FF6402283E52F100C47197 /* PBXTargetDependency */ = {
			isa = PBXTargetDependency;
			target = C9FF63DE283E52F000C47197 /* ChatApp */;
			targetProxy = C9FF6401283E52F100C47197 /* PBXContainerItemProxy */;
		};
/* End PBXTargetDependency section */

/* Begin PBXVariantGroup section */
		C9FF63E8283E52F000C47197 /* Main.storyboard */ = {
			isa = PBXVariantGroup;
			children = (
				C9FF63E9283E52F000C47197 /* Base */,
			);
			name = Main.storyboard;
			sourceTree = "<group>";
		};
		C9FF63ED283E52F000C47197 /* LaunchScreen.storyboard */ = {
			isa = PBXVariantGroup;
			children = (
				C9FF63EE283E52F000C47197 /* Base */,
			);
			name = LaunchScreen.storyboard;
			sourceTree = "<group>";
		};
/* End PBXVariantGroup section */

/* Begin XCBuildConfiguration section */
		C9FF6407283E52F100C47197 /* Debug */ = {
			isa = XCBuildConfiguration;
			buildSettings = {
				ALWAYS_SEARCH_USER_PATHS = NO;
				CLANG_ANALYZER_NONNULL = YES;
				CLANG_ANALYZER_NUMBER_OBJECT_CONVERSION = YES_AGGRESSIVE;
				CLANG_CXX_LANGUAGE_STANDARD = "gnu++14";
				CLANG_CXX_LIBRARY = "libc++";
				CLANG_ENABLE_MODULES = YES;
				CLANG_ENABLE_OBJC_ARC = YES;
				CLANG_ENABLE_OBJC_WEAK = YES;
				CLANG_WARN_BLOCK_CAPTURE_AUTORELEASING = YES;
				CLANG_WARN_BOOL_CONVERSION = YES;
				CLANG_WARN_COMMA = YES;
				CLANG_WARN_CONSTANT_CONVERSION = YES;
				CLANG_WARN_DEPRECATED_OBJC_IMPLEMENTATIONS = YES;
				CLANG_WARN_DIRECT_OBJC_ISA_USAGE = YES_ERROR;
				CLANG_WARN_DOCUMENTATION_COMMENTS = YES;
				CLANG_WARN_EMPTY_BODY = YES;
				CLANG_WARN_ENUM_CONVERSION = YES;
				CLANG_WARN_INFINITE_RECURSION = YES;
				CLANG_WARN_INT_CONVERSION = YES;
				CLANG_WARN_NON_LITERAL_NULL_CONVERSION = YES;
				CLANG_WARN_OBJC_IMPLICIT_RETAIN_SELF = YES;
				CLANG_WARN_OBJC_LITERAL_CONVERSION = YES;
				CLANG_WARN_OBJC_ROOT_CLASS = YES_ERROR;
				CLANG_WARN_QUOTED_INCLUDE_IN_FRAMEWORK_HEADER = YES;
				CLANG_WARN_RANGE_LOOP_ANALYSIS = YES;
				CLANG_WARN_STRICT_PROTOTYPES = YES;
				CLANG_WARN_SUSPICIOUS_MOVE = YES;
				CLANG_WARN_UNGUARDED_AVAILABILITY = YES_AGGRESSIVE;
				CLANG_WARN_UNREACHABLE_CODE = YES;
				CLANG_WARN__DUPLICATE_METHOD_MATCH = YES;
				COPY_PHASE_STRIP = NO;
				DEBUG_INFORMATION_FORMAT = dwarf;
				ENABLE_STRICT_OBJC_MSGSEND = YES;
				ENABLE_TESTABILITY = YES;
				GCC_C_LANGUAGE_STANDARD = gnu11;
				GCC_DYNAMIC_NO_PIC = NO;
				GCC_NO_COMMON_BLOCKS = YES;
				GCC_OPTIMIZATION_LEVEL = 0;
				GCC_PREPROCESSOR_DEFINITIONS = (
					"DEBUG=1",
					"$(inherited)",
				);
				GCC_WARN_64_TO_32_BIT_CONVERSION = YES;
				GCC_WARN_ABOUT_RETURN_TYPE = YES_ERROR;
				GCC_WARN_UNDECLARED_SELECTOR = YES;
				GCC_WARN_UNINITIALIZED_AUTOS = YES_AGGRESSIVE;
				GCC_WARN_UNUSED_FUNCTION = YES;
				GCC_WARN_UNUSED_VARIABLE = YES;
				IPHONEOS_DEPLOYMENT_TARGET = 14.4;
				MTL_ENABLE_DEBUG_INFO = INCLUDE_SOURCE;
				MTL_FAST_MATH = YES;
				ONLY_ACTIVE_ARCH = YES;
				SDKROOT = iphoneos;
				SWIFT_ACTIVE_COMPILATION_CONDITIONS = DEBUG;
				SWIFT_OPTIMIZATION_LEVEL = "-Onone";
			};
			name = Debug;
		};
		C9FF6408283E52F100C47197 /* Release */ = {
			isa = XCBuildConfiguration;
			buildSettings = {
				ALWAYS_SEARCH_USER_PATHS = NO;
				CLANG_ANALYZER_NONNULL = YES;
				CLANG_ANALYZER_NUMBER_OBJECT_CONVERSION = YES_AGGRESSIVE;
				CLANG_CXX_LANGUAGE_STANDARD = "gnu++14";
				CLANG_CXX_LIBRARY = "libc++";
				CLANG_ENABLE_MODULES = YES;
				CLANG_ENABLE_OBJC_ARC = YES;
				CLANG_ENABLE_OBJC_WEAK = YES;
				CLANG_WARN_BLOCK_CAPTURE_AUTORELEASING = YES;
				CLANG_WARN_BOOL_CONVERSION = YES;
				CLANG_WARN_COMMA = YES;
				CLANG_WARN_CONSTANT_CONVERSION = YES;
				CLANG_WARN_DEPRECATED_OBJC_IMPLEMENTATIONS = YES;
				CLANG_WARN_DIRECT_OBJC_ISA_USAGE = YES_ERROR;
				CLANG_WARN_DOCUMENTATION_COMMENTS = YES;
				CLANG_WARN_EMPTY_BODY = YES;
				CLANG_WARN_ENUM_CONVERSION = YES;
				CLANG_WARN_INFINITE_RECURSION = YES;
				CLANG_WARN_INT_CONVERSION = YES;
				CLANG_WARN_NON_LITERAL_NULL_CONVERSION = YES;
				CLANG_WARN_OBJC_IMPLICIT_RETAIN_SELF = YES;
				CLANG_WARN_OBJC_LITERAL_CONVERSION = YES;
				CLANG_WARN_OBJC_ROOT_CLASS = YES_ERROR;
				CLANG_WARN_QUOTED_INCLUDE_IN_FRAMEWORK_HEADER = YES;
				CLANG_WARN_RANGE_LOOP_ANALYSIS = YES;
				CLANG_WARN_STRICT_PROTOTYPES = YES;
				CLANG_WARN_SUSPICIOUS_MOVE = YES;
				CLANG_WARN_UNGUARDED_AVAILABILITY = YES_AGGRESSIVE;
				CLANG_WARN_UNREACHABLE_CODE = YES;
				CLANG_WARN__DUPLICATE_METHOD_MATCH = YES;
				COPY_PHASE_STRIP = NO;
				DEBUG_INFORMATION_FORMAT = "dwarf-with-dsym";
				ENABLE_NS_ASSERTIONS = NO;
				ENABLE_STRICT_OBJC_MSGSEND = YES;
				GCC_C_LANGUAGE_STANDARD = gnu11;
				GCC_NO_COMMON_BLOCKS = YES;
				GCC_WARN_64_TO_32_BIT_CONVERSION = YES;
				GCC_WARN_ABOUT_RETURN_TYPE = YES_ERROR;
				GCC_WARN_UNDECLARED_SELECTOR = YES;
				GCC_WARN_UNINITIALIZED_AUTOS = YES_AGGRESSIVE;
				GCC_WARN_UNUSED_FUNCTION = YES;
				GCC_WARN_UNUSED_VARIABLE = YES;
				IPHONEOS_DEPLOYMENT_TARGET = 14.4;
				MTL_ENABLE_DEBUG_INFO = NO;
				MTL_FAST_MATH = YES;
				SDKROOT = iphoneos;
				SWIFT_COMPILATION_MODE = wholemodule;
				SWIFT_OPTIMIZATION_LEVEL = "-O";
				VALIDATE_PRODUCT = YES;
			};
			name = Release;
		};
		C9FF640A283E52F100C47197 /* Debug */ = {
			isa = XCBuildConfiguration;
			buildSettings = {
				ASSETCATALOG_COMPILER_APPICON_NAME = AppIcon;
				ASSETCATALOG_COMPILER_GLOBAL_ACCENT_COLOR_NAME = AccentColor;
				CODE_SIGN_STYLE = Automatic;
				DEVELOPMENT_TEAM = 92UAYACNLJ;
				INFOPLIST_FILE = ChatApp/Info.plist;
				LD_RUNPATH_SEARCH_PATHS = (
					"$(inherited)",
					"@executable_path/Frameworks",
				);
				PRODUCT_BUNDLE_IDENTIFIER = eslam.ChatApp;
				PRODUCT_NAME = "$(TARGET_NAME)";
				SWIFT_VERSION = 5.0;
				TARGETED_DEVICE_FAMILY = "1,2";
			};
			name = Debug;
		};
		C9FF640B283E52F100C47197 /* Release */ = {
			isa = XCBuildConfiguration;
			buildSettings = {
				ASSETCATALOG_COMPILER_APPICON_NAME = AppIcon;
				ASSETCATALOG_COMPILER_GLOBAL_ACCENT_COLOR_NAME = AccentColor;
				CODE_SIGN_STYLE = Automatic;
				DEVELOPMENT_TEAM = 92UAYACNLJ;
				INFOPLIST_FILE = ChatApp/Info.plist;
				LD_RUNPATH_SEARCH_PATHS = (
					"$(inherited)",
					"@executable_path/Frameworks",
				);
				PRODUCT_BUNDLE_IDENTIFIER = eslam.ChatApp;
				PRODUCT_NAME = "$(TARGET_NAME)";
				SWIFT_VERSION = 5.0;
				TARGETED_DEVICE_FAMILY = "1,2";
			};
			name = Release;
		};
		C9FF640D283E52F100C47197 /* Debug */ = {
			isa = XCBuildConfiguration;
			buildSettings = {
				ALWAYS_EMBED_SWIFT_STANDARD_LIBRARIES = YES;
				BUNDLE_LOADER = "$(TEST_HOST)";
				CODE_SIGN_STYLE = Automatic;
				DEVELOPMENT_TEAM = 92UAYACNLJ;
				INFOPLIST_FILE = ChatAppTests/Info.plist;
				IPHONEOS_DEPLOYMENT_TARGET = 14.4;
				LD_RUNPATH_SEARCH_PATHS = (
					"$(inherited)",
					"@executable_path/Frameworks",
					"@loader_path/Frameworks",
				);
				PRODUCT_BUNDLE_IDENTIFIER = eslam.ChatAppTests;
				PRODUCT_NAME = "$(TARGET_NAME)";
				SWIFT_VERSION = 5.0;
				TARGETED_DEVICE_FAMILY = "1,2";
				TEST_HOST = "$(BUILT_PRODUCTS_DIR)/ChatApp.app/ChatApp";
			};
			name = Debug;
		};
		C9FF640E283E52F100C47197 /* Release */ = {
			isa = XCBuildConfiguration;
			buildSettings = {
				ALWAYS_EMBED_SWIFT_STANDARD_LIBRARIES = YES;
				BUNDLE_LOADER = "$(TEST_HOST)";
				CODE_SIGN_STYLE = Automatic;
				DEVELOPMENT_TEAM = 92UAYACNLJ;
				INFOPLIST_FILE = ChatAppTests/Info.plist;
				IPHONEOS_DEPLOYMENT_TARGET = 14.4;
				LD_RUNPATH_SEARCH_PATHS = (
					"$(inherited)",
					"@executable_path/Frameworks",
					"@loader_path/Frameworks",
				);
				PRODUCT_BUNDLE_IDENTIFIER = eslam.ChatAppTests;
				PRODUCT_NAME = "$(TARGET_NAME)";
				SWIFT_VERSION = 5.0;
				TARGETED_DEVICE_FAMILY = "1,2";
				TEST_HOST = "$(BUILT_PRODUCTS_DIR)/ChatApp.app/ChatApp";
			};
			name = Release;
		};
		C9FF6410283E52F100C47197 /* Debug */ = {
			isa = XCBuildConfiguration;
			buildSettings = {
				ALWAYS_EMBED_SWIFT_STANDARD_LIBRARIES = YES;
				CODE_SIGN_STYLE = Automatic;
				DEVELOPMENT_TEAM = 92UAYACNLJ;
				INFOPLIST_FILE = ChatAppUITests/Info.plist;
				LD_RUNPATH_SEARCH_PATHS = (
					"$(inherited)",
					"@executable_path/Frameworks",
					"@loader_path/Frameworks",
				);
				PRODUCT_BUNDLE_IDENTIFIER = eslam.ChatAppUITests;
				PRODUCT_NAME = "$(TARGET_NAME)";
				SWIFT_VERSION = 5.0;
				TARGETED_DEVICE_FAMILY = "1,2";
				TEST_TARGET_NAME = ChatApp;
			};
			name = Debug;
		};
		C9FF6411283E52F100C47197 /* Release */ = {
			isa = XCBuildConfiguration;
			buildSettings = {
				ALWAYS_EMBED_SWIFT_STANDARD_LIBRARIES = YES;
				CODE_SIGN_STYLE = Automatic;
				DEVELOPMENT_TEAM = 92UAYACNLJ;
				INFOPLIST_FILE = ChatAppUITests/Info.plist;
				LD_RUNPATH_SEARCH_PATHS = (
					"$(inherited)",
					"@executable_path/Frameworks",
					"@loader_path/Frameworks",
				);
				PRODUCT_BUNDLE_IDENTIFIER = eslam.ChatAppUITests;
				PRODUCT_NAME = "$(TARGET_NAME)";
				SWIFT_VERSION = 5.0;
				TARGETED_DEVICE_FAMILY = "1,2";
				TEST_TARGET_NAME = ChatApp;
			};
			name = Release;
		};
/* End XCBuildConfiguration section */

/* Begin XCConfigurationList section */
		C9FF63DA283E52F000C47197 /* Build configuration list for PBXProject "ChatApp" */ = {
			isa = XCConfigurationList;
			buildConfigurations = (
				C9FF6407283E52F100C47197 /* Debug */,
				C9FF6408283E52F100C47197 /* Release */,
			);
			defaultConfigurationIsVisible = 0;
			defaultConfigurationName = Release;
		};
		C9FF6409283E52F100C47197 /* Build configuration list for PBXNativeTarget "ChatApp" */ = {
			isa = XCConfigurationList;
			buildConfigurations = (
				C9FF640A283E52F100C47197 /* Debug */,
				C9FF640B283E52F100C47197 /* Release */,
			);
			defaultConfigurationIsVisible = 0;
			defaultConfigurationName = Release;
		};
		C9FF640C283E52F100C47197 /* Build configuration list for PBXNativeTarget "ChatAppTests" */ = {
			isa = XCConfigurationList;
			buildConfigurations = (
				C9FF640D283E52F100C47197 /* Debug */,
				C9FF640E283E52F100C47197 /* Release */,
			);
			defaultConfigurationIsVisible = 0;
			defaultConfigurationName = Release;
		};
		C9FF640F283E52F100C47197 /* Build configuration list for PBXNativeTarget "ChatAppUITests" */ = {
			isa = XCConfigurationList;
			buildConfigurations = (
				C9FF6410283E52F100C47197 /* Debug */,
				C9FF6411283E52F100C47197 /* Release */,
			);
			defaultConfigurationIsVisible = 0;
			defaultConfigurationName = Release;
		};
/* End XCConfigurationList section */
	};
	rootObject = C9FF63D7283E52F000C47197 /* Project object */;
}
